
Microsoft Visual Studio Solution File, Format Version 11.00
# Visual Studio 2010
Project("{FAE04EC0-301F-11D3-BF4B-00C04F79EFBC}") = "project", "project\project.csproj", "{6809F0EC-7D09-4D0B-9E79-527120A703EF}"
EndProject
Global
	GlobalSection(SolutionConfigurationPlatforms) = preSolution
		Debug|Any CPU = Debug|Any CPU
		Release|Any CPU = Release|Any CPU
	EndGlobalSection
	GlobalSection(ProjectConfigurationPlatforms) = postSolution
		{6809F0EC-7D09-4D0B-9E79-527120A703EF}.Debug|Any CPU.ActiveCfg = Debug|Any CPU
		{6809F0EC-7D09-4D0B-9E79-527120A703EF}.Debug|Any CPU.Build.0 = Debug|Any CPU
		{6809F0EC-7D09-4D0B-9E79-527120A703EF}.Release|Any CPU.ActiveCfg = Release|Any CPU
		{6809F0EC-7D09-4D0B-9E79-527120A703EF}.Release|Any CPU.Build.0 = Release|Any CPU
	EndGlobalSection
	GlobalSection(SolutionProperties) = preSolution
		HideSolutionNode = FALSE
	EndGlobalSection
EndGlobal
